
Microsoft Visual Studio Solution File, Format Version 12.00
# Visual Studio Version 16
VisualStudioVersion = 16.0.31702.278
MinimumVisualStudioVersion = 10.0.40219.1
Project("{FAE04EC0-301F-11D3-BF4B-00C04F79EFBC}") = "CBox", "VstaRYZVSfqO30OwTLGF3oS9TA\CBox.csproj", "{6DD84E3D-7033-4450-A62A-E47D9050B492}"
EndProject
Global
	GlobalSection(SolutionConfigurationPlatforms) = preSolution
		Debug|Any CPU = Debug|Any CPU
		Release|Any CPU = Release|Any CPU
	EndGlobalSection
	GlobalSection(ProjectConfigurationPlatforms) = postSolution
		{6DD84E3D-7033-4450-A62A-E47D9050B492}.Debug|Any CPU.ActiveCfg = Debug|Any CPU
		{6DD84E3D-7033-4450-A62A-E47D9050B492}.Debug|Any CPU.Build.0 = Debug|Any CPU
		{6DD84E3D-7033-4450-A62A-E47D9050B492}.Release|Any CPU.ActiveCfg = Release|Any CPU
		{6DD84E3D-7033-4450-A62A-E47D9050B492}.Release|Any CPU.Build.0 = Release|Any CPU
	EndGlobalSection
	GlobalSection(SolutionProperties) = preSolution
		HideSolutionNode = FALSE
	EndGlobalSection
	GlobalSection(ExtensibilityGlobals) = postSolution
		SolutionGuid = {BEB20D8D-EA50-47FB-8156-27447A63120C}
	EndGlobalSection
EndGlobal
